
Microsoft Visual Studio Solution File, Format Version 12.00
# Visual Studio Version 17
VisualStudioVersion = 17.1.32319.34
MinimumVisualStudioVersion = 10.0.40219.1
Project("{FAE04EC0-301F-11D3-BF4B-00C04F79EFBC}") = "frequency", "frequency.csproj", "{8D84330B-5888-473C-B40B-FF061BFF6286}"
EndProject
Global
	GlobalSection(SolutionConfigurationPlatforms) = preSolution
		Debug|Any CPU = Debug|Any CPU
		Release|Any CPU = Release|Any CPU
	EndGlobalSection
	GlobalSection(ProjectConfigurationPlatforms) = postSolution
		{8D84330B-5888-473C-B40B-FF061BFF6286}.Debug|Any CPU.ActiveCfg = Debug|Any CPU
		{8D84330B-5888-473C-B40B-FF061BFF6286}.Debug|Any CPU.Build.0 = Debug|Any CPU
		{8D84330B-5888-473C-B40B-FF061BFF6286}.Release|Any CPU.ActiveCfg = Release|Any CPU
		{8D84330B-5888-473C-B40B-FF061BFF6286}.Release|Any CPU.Build.0 = Release|Any CPU
	EndGlobalSection
	GlobalSection(SolutionProperties) = preSolution
		HideSolutionNode = FALSE
	EndGlobalSection
	GlobalSection(ExtensibilityGlobals) = postSolution
		SolutionGuid = {C4915AB8-6169-4626-BD8E-CC56E108A33B}
	EndGlobalSection
EndGlobal
